
Microsoft Visual Studio Solution File, Format Version 12.00
# Visual Studio 15
VisualStudioVersion = 15.0.28307.1082
MinimumVisualStudioVersion = 10.0.40219.1
Project("{FAE04EC0-301F-11D3-BF4B-00C04F79EFBC}") = "ItemTemplateSelectorSample", "ItemTemplateSelectorSample\ItemTemplateSelectorSample.csproj", "{F35161AC-490E-4783-A31B-8AC7B32B9FBB}"
EndProject
Global
	GlobalSection(SolutionConfigurationPlatforms) = preSolution
		Debug|Any CPU = Debug|Any CPU
		Release|Any CPU = Release|Any CPU
	EndGlobalSection
	GlobalSection(ProjectConfigurationPlatforms) = postSolution
		{F35161AC-490E-4783-A31B-8AC7B32B9FBB}.Debug|Any CPU.ActiveCfg = Debug|Any CPU
		{F35161AC-490E-4783-A31B-8AC7B32B9FBB}.Debug|Any CPU.Build.0 = Debug|Any CPU
		{F35161AC-490E-4783-A31B-8AC7B32B9FBB}.Release|Any CPU.ActiveCfg = Release|Any CPU
		{F35161AC-490E-4783-A31B-8AC7B32B9FBB}.Release|Any CPU.Build.0 = Release|Any CPU
	EndGlobalSection
	GlobalSection(SolutionProperties) = preSolution
		HideSolutionNode = FALSE
	EndGlobalSection
	GlobalSection(ExtensibilityGlobals) = postSolution
		SolutionGuid = {A0351BD7-8D03-4334-8145-A90CDFE82E6C}
	EndGlobalSection
EndGlobal
