
Microsoft Visual Studio Solution File, Format Version 12.00
# Visual Studio 15
VisualStudioVersion = 15.0.28307.1082
MinimumVisualStudioVersion = 10.0.40219.1
Project("{FAE04EC0-301F-11D3-BF4B-00C04F79EFBC}") = "DataBindingWithXml", "DataBindingWithXml\DataBindingWithXml.csproj", "{132F884D-1657-4FDA-99BF-18269CCB6971}"
EndProject
Global
	GlobalSection(SolutionConfigurationPlatforms) = preSolution
		Debug|Any CPU = Debug|Any CPU
		Release|Any CPU = Release|Any CPU
	EndGlobalSection
	GlobalSection(ProjectConfigurationPlatforms) = postSolution
		{132F884D-1657-4FDA-99BF-18269CCB6971}.Debug|Any CPU.ActiveCfg = Debug|Any CPU
		{132F884D-1657-4FDA-99BF-18269CCB6971}.Debug|Any CPU.Build.0 = Debug|Any CPU
		{132F884D-1657-4FDA-99BF-18269CCB6971}.Release|Any CPU.ActiveCfg = Release|Any CPU
		{132F884D-1657-4FDA-99BF-18269CCB6971}.Release|Any CPU.Build.0 = Release|Any CPU
	EndGlobalSection
	GlobalSection(SolutionProperties) = preSolution
		HideSolutionNode = FALSE
	EndGlobalSection
	GlobalSection(ExtensibilityGlobals) = postSolution
		SolutionGuid = {B4A5D57A-FED0-469E-ABE6-32FF7458B9CB}
	EndGlobalSection
EndGlobal
