
Microsoft Visual Studio Solution File, Format Version 12.00
# Visual Studio 15
VisualStudioVersion = 15.0.28307.1082
MinimumVisualStudioVersion = 10.0.40219.1
Project("{FAE04EC0-301F-11D3-BF4B-00C04F79EFBC}") = "DataBindingToObjects", "DataBindingToObjects\DataBindingToObjects.csproj", "{06306B62-2569-4EA2-B8AE-9678E0224FA5}"
EndProject
Global
	GlobalSection(SolutionConfigurationPlatforms) = preSolution
		Debug|Any CPU = Debug|Any CPU
		Release|Any CPU = Release|Any CPU
	EndGlobalSection
	GlobalSection(ProjectConfigurationPlatforms) = postSolution
		{06306B62-2569-4EA2-B8AE-9678E0224FA5}.Debug|Any CPU.ActiveCfg = Debug|Any CPU
		{06306B62-2569-4EA2-B8AE-9678E0224FA5}.Debug|Any CPU.Build.0 = Debug|Any CPU
		{06306B62-2569-4EA2-B8AE-9678E0224FA5}.Release|Any CPU.ActiveCfg = Release|Any CPU
		{06306B62-2569-4EA2-B8AE-9678E0224FA5}.Release|Any CPU.Build.0 = Release|Any CPU
	EndGlobalSection
	GlobalSection(SolutionProperties) = preSolution
		HideSolutionNode = FALSE
	EndGlobalSection
	GlobalSection(ExtensibilityGlobals) = postSolution
		SolutionGuid = {4D0677BD-9EB9-48DA-B811-6B4755C54648}
	EndGlobalSection
EndGlobal
